// !$*UTF8*$!
{
	archiveVersion = 1;
	classes = {
	};
	objectVersion = 56;
	objects = {

/* Begin PBXBuildFile section */
		4F6402CD298F4294000C55B6 /* AppDelegate.swift in Sources */ = {isa = PBXBuildFile; fileRef = 4F6402CC298F4294000C55B6 /* AppDelegate.swift */; };
		4F6402CF298F4294000C55B6 /* SceneDelegate.swift in Sources */ = {isa = PBXBuildFile; fileRef = 4F6402CE298F4294000C55B6 /* SceneDelegate.swift */; };
		4F6402D1298F4294000C55B6 /* HomeMenuViewController.swift in Sources */ = {isa = PBXBuildFile; fileRef = 4F6402D0298F4294000C55B6 /* HomeMenuViewController.swift */; };
		4F6402D6298F4294000C55B6 /* Assets.xcassets in Resources */ = {isa = PBXBuildFile; fileRef = 4F6402D5298F4294000C55B6 /* Assets.xcassets */; };
		4F6402D9298F4294000C55B6 /* LaunchScreen.storyboard in Resources */ = {isa = PBXBuildFile; fileRef = 4F6402D7298F4294000C55B6 /* LaunchScreen.storyboard */; };
		4F6402E4298F4294000C55B6 /* RickAndMortyTests.swift in Sources */ = {isa = PBXBuildFile; fileRef = 4F6402E3298F4294000C55B6 /* RickAndMortyTests.swift */; };
		4F64031C298F4A65000C55B6 /* Coordinator.swift in Sources */ = {isa = PBXBuildFile; fileRef = 4F64031B298F4A65000C55B6 /* Coordinator.swift */; };
		4F64031F298F4B38000C55B6 /* AppCoordinator.swift in Sources */ = {isa = PBXBuildFile; fileRef = 4F64031E298F4B38000C55B6 /* AppCoordinator.swift */; };
		4F640321298F4B6F000C55B6 /* AppFactory.swift in Sources */ = {isa = PBXBuildFile; fileRef = 4F640320298F4B6F000C55B6 /* AppFactory.swift */; };
/* End PBXBuildFile section */

/* Begin PBXContainerItemProxy section */
		4F6402E0298F4294000C55B6 /* PBXContainerItemProxy */ = {
			isa = PBXContainerItemProxy;
			containerPortal = 4F6402C1298F4294000C55B6 /* Project object */;
			proxyType = 1;
			remoteGlobalIDString = 4F6402C8298F4294000C55B6;
			remoteInfo = RickAndMorty;
		};
/* End PBXContainerItemProxy section */

/* Begin PBXFileReference section */
		4F6402C9298F4294000C55B6 /* RickAndMorty.app */ = {isa = PBXFileReference; explicitFileType = wrapper.application; includeInIndex = 0; path = RickAndMorty.app; sourceTree = BUILT_PRODUCTS_DIR; };
		4F6402CC298F4294000C55B6 /* AppDelegate.swift */ = {isa = PBXFileReference; lastKnownFileType = sourcecode.swift; path = AppDelegate.swift; sourceTree = "<group>"; };
		4F6402CE298F4294000C55B6 /* SceneDelegate.swift */ = {isa = PBXFileReference; lastKnownFileType = sourcecode.swift; path = SceneDelegate.swift; sourceTree = "<group>"; };
		4F6402D0298F4294000C55B6 /* HomeMenuViewController.swift */ = {isa = PBXFileReference; lastKnownFileType = sourcecode.swift; path = HomeMenuViewController.swift; sourceTree = "<group>"; };
		4F6402D5298F4294000C55B6 /* Assets.xcassets */ = {isa = PBXFileReference; lastKnownFileType = folder.assetcatalog; path = Assets.xcassets; sourceTree = "<group>"; };
		4F6402D8298F4294000C55B6 /* Base */ = {isa = PBXFileReference; lastKnownFileType = file.storyboard; name = Base; path = Base.lproj/LaunchScreen.storyboard; sourceTree = "<group>"; };
		4F6402DA298F4294000C55B6 /* Info.plist */ = {isa = PBXFileReference; lastKnownFileType = text.plist.xml; path = Info.plist; sourceTree = "<group>"; };
		4F6402DF298F4294000C55B6 /* RickAndMortyTests.xctest */ = {isa = PBXFileReference; explicitFileType = wrapper.cfbundle; includeInIndex = 0; path = RickAndMortyTests.xctest; sourceTree = BUILT_PRODUCTS_DIR; };
		4F6402E3298F4294000C55B6 /* RickAndMortyTests.swift */ = {isa = PBXFileReference; lastKnownFileType = sourcecode.swift; path = RickAndMortyTests.swift; sourceTree = "<group>"; };
		4F64031B298F4A65000C55B6 /* Coordinator.swift */ = {isa = PBXFileReference; lastKnownFileType = sourcecode.swift; path = Coordinator.swift; sourceTree = "<group>"; };
		4F64031E298F4B38000C55B6 /* AppCoordinator.swift */ = {isa = PBXFileReference; lastKnownFileType = sourcecode.swift; path = AppCoordinator.swift; sourceTree = "<group>"; };
		4F640320298F4B6F000C55B6 /* AppFactory.swift */ = {isa = PBXFileReference; lastKnownFileType = sourcecode.swift; path = AppFactory.swift; sourceTree = "<group>"; };
/* End PBXFileReference section */

/* Begin PBXFrameworksBuildPhase section */
		4F6402C6298F4294000C55B6 /* Frameworks */ = {
			isa = PBXFrameworksBuildPhase;
			buildActionMask = 2147483647;
			files = (
			);
			runOnlyForDeploymentPostprocessing = 0;
		};
		4F6402DC298F4294000C55B6 /* Frameworks */ = {
			isa = PBXFrameworksBuildPhase;
			buildActionMask = 2147483647;
			files = (
			);
			runOnlyForDeploymentPostprocessing = 0;
		};
/* End PBXFrameworksBuildPhase section */

/* Begin PBXGroup section */
		4F6402C0298F4294000C55B6 = {
			isa = PBXGroup;
			children = (
				4F6402CB298F4294000C55B6 /* RickAndMorty */,
				4F6402E2298F4294000C55B6 /* RickAndMortyTests */,
				4F6402CA298F4294000C55B6 /* Products */,
			);
			sourceTree = "<group>";
		};
		4F6402CA298F4294000C55B6 /* Products */ = {
			isa = PBXGroup;
			children = (
				4F6402C9298F4294000C55B6 /* RickAndMorty.app */,
				4F6402DF298F4294000C55B6 /* RickAndMortyTests.xctest */,
			);
			name = Products;
			sourceTree = "<group>";
		};
		4F6402CB298F4294000C55B6 /* RickAndMorty */ = {
			isa = PBXGroup;
			children = (
				4F6402FC298F4777000C55B6 /* App */,
				4F6402DA298F4294000C55B6 /* Info.plist */,
			);
			path = RickAndMorty;
			sourceTree = "<group>";
		};
		4F6402E2298F4294000C55B6 /* RickAndMortyTests */ = {
			isa = PBXGroup;
			children = (
				4F6402E3298F4294000C55B6 /* RickAndMortyTests.swift */,
			);
			path = RickAndMortyTests;
			sourceTree = "<group>";
		};
		4F6402FC298F4777000C55B6 /* App */ = {
			isa = PBXGroup;
			children = (
				4F640302298F47BF000C55B6 /* Storage */,
				4F640301298F47B9000C55B6 /* Resources */,
				4F640300298F47A5000C55B6 /* Networking */,
				4F6402FF298F47A0000C55B6 /* Common */,
				4F6402FE298F4786000C55B6 /* ScreenModules */,
				4F6402FD298F4780000C55B6 /* CompositionRoot */,
			);
			path = App;
			sourceTree = "<group>";
		};
		4F6402FD298F4780000C55B6 /* CompositionRoot */ = {
			isa = PBXGroup;
			children = (
				4F64031A298F49DF000C55B6 /* System */,
				4F640318298F4907000C55B6 /* DIContainer */,
				4F640317298F48F6000C55B6 /* Factories */,
				4F640314298F48E1000C55B6 /* Coordinator */,
			);
			path = CompositionRoot;
			sourceTree = "<group>";
		};
		4F6402FE298F4786000C55B6 /* ScreenModules */ = {
			isa = PBXGroup;
			children = (
				4F640319298F4937000C55B6 /* LaunchScreen */,
				4F640309298F480A000C55B6 /* LocationDetail */,
				4F640308298F4805000C55B6 /* Origin */,
				4F640307298F47FE000C55B6 /* Episodes */,
				4F640306298F47F4000C55B6 /* Locations */,
				4F640305298F47EA000C55B6 /* CharacterDetail */,
				4F640304298F47E5000C55B6 /* Characters */,
				4F640303298F47CF000C55B6 /* HomeMenu */,
			);
			path = ScreenModules;
			sourceTree = "<group>";
		};
		4F6402FF298F47A0000C55B6 /* Common */ = {
			isa = PBXGroup;
			children = (
				4F640313298F4865000C55B6 /* Localize */,
				4F640312298F485E000C55B6 /* StateController */,
				4F640311298F4854000C55B6 /* Utils */,
				4F64030D298F4832000C55B6 /* Layer */,
				4F64030B298F4823000C55B6 /* Constants */,
				4F64030A298F4817000C55B6 /* Extension */,
			);
			path = Common;
			sourceTree = "<group>";
		};
		4F640300298F47A5000C55B6 /* Networking */ = {
			isa = PBXGroup;
			children = (
			);
			path = Networking;
			sourceTree = "<group>";
		};
		4F640301298F47B9000C55B6 /* Resources */ = {
			isa = PBXGroup;
			children = (
				4F6402D5298F4294000C55B6 /* Assets.xcassets */,
			);
			path = Resources;
			sourceTree = "<group>";
		};
		4F640302298F47BF000C55B6 /* Storage */ = {
			isa = PBXGroup;
			children = (
			);
			path = Storage;
			sourceTree = "<group>";
		};
		4F640303298F47CF000C55B6 /* HomeMenu */ = {
			isa = PBXGroup;
			children = (
				4F6402D0298F4294000C55B6 /* HomeMenuViewController.swift */,
			);
			path = HomeMenu;
			sourceTree = "<group>";
		};
		4F640304298F47E5000C55B6 /* Characters */ = {
			isa = PBXGroup;
			children = (
			);
			path = Characters;
			sourceTree = "<group>";
		};
		4F640305298F47EA000C55B6 /* CharacterDetail */ = {
			isa = PBXGroup;
			children = (
			);
			path = CharacterDetail;
			sourceTree = "<group>";
		};
		4F640306298F47F4000C55B6 /* Locations */ = {
			isa = PBXGroup;
			children = (
			);
			path = Locations;
			sourceTree = "<group>";
		};
		4F640307298F47FE000C55B6 /* Episodes */ = {
			isa = PBXGroup;
			children = (
			);
			path = Episodes;
			sourceTree = "<group>";
		};
		4F640308298F4805000C55B6 /* Origin */ = {
			isa = PBXGroup;
			children = (
			);
			path = Origin;
			sourceTree = "<group>";
		};
		4F640309298F480A000C55B6 /* LocationDetail */ = {
			isa = PBXGroup;
			children = (
			);
			path = LocationDetail;
			sourceTree = "<group>";
		};
		4F64030A298F4817000C55B6 /* Extension */ = {
			isa = PBXGroup;
			children = (
			);
			path = Extension;
			sourceTree = "<group>";
		};
		4F64030B298F4823000C55B6 /* Constants */ = {
			isa = PBXGroup;
			children = (
			);
			path = Constants;
			sourceTree = "<group>";
		};
		4F64030C298F4827000C55B6 /* Components */ = {
			isa = PBXGroup;
			children = (
			);
			path = Components;
			sourceTree = "<group>";
		};
		4F64030D298F4832000C55B6 /* Layer */ = {
			isa = PBXGroup;
			children = (
				4F640310298F4840000C55B6 /* Presentation */,
				4F64030F298F483C000C55B6 /* Domain */,
				4F64030E298F4838000C55B6 /* Data */,
			);
			path = Layer;
			sourceTree = "<group>";
		};
		4F64030E298F4838000C55B6 /* Data */ = {
			isa = PBXGroup;
			children = (
			);
			path = Data;
			sourceTree = "<group>";
		};
		4F64030F298F483C000C55B6 /* Domain */ = {
			isa = PBXGroup;
			children = (
			);
			path = Domain;
			sourceTree = "<group>";
		};
		4F640310298F4840000C55B6 /* Presentation */ = {
			isa = PBXGroup;
			children = (
				4F64030C298F4827000C55B6 /* Components */,
			);
			path = Presentation;
			sourceTree = "<group>";
		};
		4F640311298F4854000C55B6 /* Utils */ = {
			isa = PBXGroup;
			children = (
			);
			path = Utils;
			sourceTree = "<group>";
		};
		4F640312298F485E000C55B6 /* StateController */ = {
			isa = PBXGroup;
			children = (
			);
			path = StateController;
			sourceTree = "<group>";
		};
		4F640313298F4865000C55B6 /* Localize */ = {
			isa = PBXGroup;
			children = (
			);
			path = Localize;
			sourceTree = "<group>";
		};
		4F640314298F48E1000C55B6 /* Coordinator */ = {
			isa = PBXGroup;
			children = (
				4F64031D298F4B30000C55B6 /* AppCoordinator */,
				4F640316298F48E9000C55B6 /* CoordinatorScreens */,
				4F640315298F48E6000C55B6 /* Utils */,
				4F64031B298F4A65000C55B6 /* Coordinator.swift */,
			);
			path = Coordinator;
			sourceTree = "<group>";
		};
		4F640315298F48E6000C55B6 /* Utils */ = {
			isa = PBXGroup;
			children = (
			);
			path = Utils;
			sourceTree = "<group>";
		};
		4F640316298F48E9000C55B6 /* CoordinatorScreens */ = {
			isa = PBXGroup;
			children = (
			);
			path = CoordinatorScreens;
			sourceTree = "<group>";
		};
		4F640317298F48F6000C55B6 /* Factories */ = {
			isa = PBXGroup;
			children = (
				4F640320298F4B6F000C55B6 /* AppFactory.swift */,
			);
			path = Factories;
			sourceTree = "<group>";
		};
		4F640318298F4907000C55B6 /* DIContainer */ = {
			isa = PBXGroup;
			children = (
			);
			path = DIContainer;
			sourceTree = "<group>";
		};
		4F640319298F4937000C55B6 /* LaunchScreen */ = {
			isa = PBXGroup;
			children = (
				4F6402D7298F4294000C55B6 /* LaunchScreen.storyboard */,
			);
			path = LaunchScreen;
			sourceTree = "<group>";
		};
		4F64031A298F49DF000C55B6 /* System */ = {
			isa = PBXGroup;
			children = (
				4F6402CC298F4294000C55B6 /* AppDelegate.swift */,
				4F6402CE298F4294000C55B6 /* SceneDelegate.swift */,
			);
			path = System;
			sourceTree = "<group>";
		};
		4F64031D298F4B30000C55B6 /* AppCoordinator */ = {
			isa = PBXGroup;
			children = (
				4F64031E298F4B38000C55B6 /* AppCoordinator.swift */,
			);
			path = AppCoordinator;
			sourceTree = "<group>";
		};
/* End PBXGroup section */

/* Begin PBXNativeTarget section */
		4F6402C8298F4294000C55B6 /* RickAndMorty */ = {
			isa = PBXNativeTarget;
			buildConfigurationList = 4F6402F3298F4294000C55B6 /* Build configuration list for PBXNativeTarget "RickAndMorty" */;
			buildPhases = (
				4F6402C5298F4294000C55B6 /* Sources */,
				4F6402C6298F4294000C55B6 /* Frameworks */,
				4F6402C7298F4294000C55B6 /* Resources */,
			);
			buildRules = (
			);
			dependencies = (
			);
			name = RickAndMorty;
			productName = RickAndMorty;
			productReference = 4F6402C9298F4294000C55B6 /* RickAndMorty.app */;
			productType = "com.apple.product-type.application";
		};
		4F6402DE298F4294000C55B6 /* RickAndMortyTests */ = {
			isa = PBXNativeTarget;
			buildConfigurationList = 4F6402F6298F4294000C55B6 /* Build configuration list for PBXNativeTarget "RickAndMortyTests" */;
			buildPhases = (
				4F6402DB298F4294000C55B6 /* Sources */,
				4F6402DC298F4294000C55B6 /* Frameworks */,
				4F6402DD298F4294000C55B6 /* Resources */,
			);
			buildRules = (
			);
			dependencies = (
				4F6402E1298F4294000C55B6 /* PBXTargetDependency */,
			);
			name = RickAndMortyTests;
			productName = RickAndMortyTests;
			productReference = 4F6402DF298F4294000C55B6 /* RickAndMortyTests.xctest */;
			productType = "com.apple.product-type.bundle.unit-test";
		};
/* End PBXNativeTarget section */

/* Begin PBXProject section */
		4F6402C1298F4294000C55B6 /* Project object */ = {
			isa = PBXProject;
			attributes = {
				BuildIndependentTargetsInParallel = 1;
				LastSwiftUpdateCheck = 1420;
				LastUpgradeCheck = 1420;
				TargetAttributes = {
					4F6402C8298F4294000C55B6 = {
						CreatedOnToolsVersion = 14.2;
					};
					4F6402DE298F4294000C55B6 = {
						CreatedOnToolsVersion = 14.2;
						TestTargetID = 4F6402C8298F4294000C55B6;
					};
				};
			};
			buildConfigurationList = 4F6402C4298F4294000C55B6 /* Build configuration list for PBXProject "RickAndMorty" */;
			compatibilityVersion = "Xcode 14.0";
			developmentRegion = en;
			hasScannedForEncodings = 0;
			knownRegions = (
				en,
				Base,
			);
			mainGroup = 4F6402C0298F4294000C55B6;
			productRefGroup = 4F6402CA298F4294000C55B6 /* Products */;
			projectDirPath = "";
			projectRoot = "";
			targets = (
				4F6402C8298F4294000C55B6 /* RickAndMorty */,
				4F6402DE298F4294000C55B6 /* RickAndMortyTests */,
			);
		};
/* End PBXProject section */

/* Begin PBXResourcesBuildPhase section */
		4F6402C7298F4294000C55B6 /* Resources */ = {
			isa = PBXResourcesBuildPhase;
			buildActionMask = 2147483647;
			files = (
				4F6402D9298F4294000C55B6 /* LaunchScreen.storyboard in Resources */,
				4F6402D6298F4294000C55B6 /* Assets.xcassets in Resources */,
			);
			runOnlyForDeploymentPostprocessing = 0;
		};
		4F6402DD298F4294000C55B6 /* Resources */ = {
			isa = PBXResourcesBuildPhase;
			buildActionMask = 2147483647;
			files = (
			);
			runOnlyForDeploymentPostprocessing = 0;
		};
/* End PBXResourcesBuildPhase section */

/* Begin PBXSourcesBuildPhase section */
		4F6402C5298F4294000C55B6 /* Sources */ = {
			isa = PBXSourcesBuildPhase;
			buildActionMask = 2147483647;
			files = (
				4F640321298F4B6F000C55B6 /* AppFactory.swift in Sources */,
				4F64031C298F4A65000C55B6 /* Coordinator.swift in Sources */,
				4F6402D1298F4294000C55B6 /* HomeMenuViewController.swift in Sources */,
				4F64031F298F4B38000C55B6 /* AppCoordinator.swift in Sources */,
				4F6402CD298F4294000C55B6 /* AppDelegate.swift in Sources */,
				4F6402CF298F4294000C55B6 /* SceneDelegate.swift in Sources */,
			);
			runOnlyForDeploymentPostprocessing = 0;
		};
		4F6402DB298F4294000C55B6 /* Sources */ = {
			isa = PBXSourcesBuildPhase;
			buildActionMask = 2147483647;
			files = (
				4F6402E4298F4294000C55B6 /* RickAndMortyTests.swift in Sources */,
			);
			runOnlyForDeploymentPostprocessing = 0;
		};
/* End PBXSourcesBuildPhase section */

/* Begin PBXTargetDependency section */
		4F6402E1298F4294000C55B6 /* PBXTargetDependency */ = {
			isa = PBXTargetDependency;
			target = 4F6402C8298F4294000C55B6 /* RickAndMorty */;
			targetProxy = 4F6402E0298F4294000C55B6 /* PBXContainerItemProxy */;
		};
/* End PBXTargetDependency section */

/* Begin PBXVariantGroup section */
		4F6402D7298F4294000C55B6 /* LaunchScreen.storyboard */ = {
			isa = PBXVariantGroup;
			children = (
				4F6402D8298F4294000C55B6 /* Base */,
			);
			name = LaunchScreen.storyboard;
			sourceTree = "<group>";
		};
/* End PBXVariantGroup section */

/* Begin XCBuildConfiguration section */
		4F6402F1298F4294000C55B6 /* Debug */ = {
			isa = XCBuildConfiguration;
			buildSettings = {
				ALWAYS_SEARCH_USER_PATHS = NO;
				CLANG_ANALYZER_NONNULL = YES;
				CLANG_ANALYZER_NUMBER_OBJECT_CONVERSION = YES_AGGRESSIVE;
				CLANG_CXX_LANGUAGE_STANDARD = "gnu++20";
				CLANG_ENABLE_MODULES = YES;
				CLANG_ENABLE_OBJC_ARC = YES;
				CLANG_ENABLE_OBJC_WEAK = YES;
				CLANG_WARN_BLOCK_CAPTURE_AUTORELEASING = YES;
				CLANG_WARN_BOOL_CONVERSION = YES;
				CLANG_WARN_COMMA = YES;
				CLANG_WARN_CONSTANT_CONVERSION = YES;
				CLANG_WARN_DEPRECATED_OBJC_IMPLEMENTATIONS = YES;
				CLANG_WARN_DIRECT_OBJC_ISA_USAGE = YES_ERROR;
				CLANG_WARN_DOCUMENTATION_COMMENTS = YES;
				CLANG_WARN_EMPTY_BODY = YES;
				CLANG_WARN_ENUM_CONVERSION = YES;
				CLANG_WARN_INFINITE_RECURSION = YES;
				CLANG_WARN_INT_CONVERSION = YES;
				CLANG_WARN_NON_LITERAL_NULL_CONVERSION = YES;
				CLANG_WARN_OBJC_IMPLICIT_RETAIN_SELF = YES;
				CLANG_WARN_OBJC_LITERAL_CONVERSION = YES;
				CLANG_WARN_OBJC_ROOT_CLASS = YES_ERROR;
				CLANG_WARN_QUOTED_INCLUDE_IN_FRAMEWORK_HEADER = YES;
				CLANG_WARN_RANGE_LOOP_ANALYSIS = YES;
				CLANG_WARN_STRICT_PROTOTYPES = YES;
				CLANG_WARN_SUSPICIOUS_MOVE = YES;
				CLANG_WARN_UNGUARDED_AVAILABILITY = YES_AGGRESSIVE;
				CLANG_WARN_UNREACHABLE_CODE = YES;
				CLANG_WARN__DUPLICATE_METHOD_MATCH = YES;
				COPY_PHASE_STRIP = NO;
				DEBUG_INFORMATION_FORMAT = dwarf;
				ENABLE_STRICT_OBJC_MSGSEND = YES;
				ENABLE_TESTABILITY = YES;
				GCC_C_LANGUAGE_STANDARD = gnu11;
				GCC_DYNAMIC_NO_PIC = NO;
				GCC_NO_COMMON_BLOCKS = YES;
				GCC_OPTIMIZATION_LEVEL = 0;
				GCC_PREPROCESSOR_DEFINITIONS = (
					"DEBUG=1",
					"$(inherited)",
				);
				GCC_WARN_64_TO_32_BIT_CONVERSION = YES;
				GCC_WARN_ABOUT_RETURN_TYPE = YES_ERROR;
				GCC_WARN_UNDECLARED_SELECTOR = YES;
				GCC_WARN_UNINITIALIZED_AUTOS = YES_AGGRESSIVE;
				GCC_WARN_UNUSED_FUNCTION = YES;
				GCC_WARN_UNUSED_VARIABLE = YES;
				IPHONEOS_DEPLOYMENT_TARGET = 16.2;
				MTL_ENABLE_DEBUG_INFO = INCLUDE_SOURCE;
				MTL_FAST_MATH = YES;
				ONLY_ACTIVE_ARCH = YES;
				SDKROOT = iphoneos;
				SWIFT_ACTIVE_COMPILATION_CONDITIONS = DEBUG;
				SWIFT_OPTIMIZATION_LEVEL = "-Onone";
			};
			name = Debug;
		};
		4F6402F2298F4294000C55B6 /* Release */ = {
			isa = XCBuildConfiguration;
			buildSettings = {
				ALWAYS_SEARCH_USER_PATHS = NO;
				CLANG_ANALYZER_NONNULL = YES;
				CLANG_ANALYZER_NUMBER_OBJECT_CONVERSION = YES_AGGRESSIVE;
				CLANG_CXX_LANGUAGE_STANDARD = "gnu++20";
				CLANG_ENABLE_MODULES = YES;
				CLANG_ENABLE_OBJC_ARC = YES;
				CLANG_ENABLE_OBJC_WEAK = YES;
				CLANG_WARN_BLOCK_CAPTURE_AUTORELEASING = YES;
				CLANG_WARN_BOOL_CONVERSION = YES;
				CLANG_WARN_COMMA = YES;
				CLANG_WARN_CONSTANT_CONVERSION = YES;
				CLANG_WARN_DEPRECATED_OBJC_IMPLEMENTATIONS = YES;
				CLANG_WARN_DIRECT_OBJC_ISA_USAGE = YES_ERROR;
				CLANG_WARN_DOCUMENTATION_COMMENTS = YES;
				CLANG_WARN_EMPTY_BODY = YES;
				CLANG_WARN_ENUM_CONVERSION = YES;
				CLANG_WARN_INFINITE_RECURSION = YES;
				CLANG_WARN_INT_CONVERSION = YES;
				CLANG_WARN_NON_LITERAL_NULL_CONVERSION = YES;
				CLANG_WARN_OBJC_IMPLICIT_RETAIN_SELF = YES;
				CLANG_WARN_OBJC_LITERAL_CONVERSION = YES;
				CLANG_WARN_OBJC_ROOT_CLASS = YES_ERROR;
				CLANG_WARN_QUOTED_INCLUDE_IN_FRAMEWORK_HEADER = YES;
				CLANG_WARN_RANGE_LOOP_ANALYSIS = YES;
				CLANG_WARN_STRICT_PROTOTYPES = YES;
				CLANG_WARN_SUSPICIOUS_MOVE = YES;
				CLANG_WARN_UNGUARDED_AVAILABILITY = YES_AGGRESSIVE;
				CLANG_WARN_UNREACHABLE_CODE = YES;
				CLANG_WARN__DUPLICATE_METHOD_MATCH = YES;
				COPY_PHASE_STRIP = NO;
				DEBUG_INFORMATION_FORMAT = "dwarf-with-dsym";
				ENABLE_NS_ASSERTIONS = NO;
				ENABLE_STRICT_OBJC_MSGSEND = YES;
				GCC_C_LANGUAGE_STANDARD = gnu11;
				GCC_NO_COMMON_BLOCKS = YES;
				GCC_WARN_64_TO_32_BIT_CONVERSION = YES;
				GCC_WARN_ABOUT_RETURN_TYPE = YES_ERROR;
				GCC_WARN_UNDECLARED_SELECTOR = YES;
				GCC_WARN_UNINITIALIZED_AUTOS = YES_AGGRESSIVE;
				GCC_WARN_UNUSED_FUNCTION = YES;
				GCC_WARN_UNUSED_VARIABLE = YES;
				IPHONEOS_DEPLOYMENT_TARGET = 16.2;
				MTL_ENABLE_DEBUG_INFO = NO;
				MTL_FAST_MATH = YES;
				SDKROOT = iphoneos;
				SWIFT_COMPILATION_MODE = wholemodule;
				SWIFT_OPTIMIZATION_LEVEL = "-O";
				VALIDATE_PRODUCT = YES;
			};
			name = Release;
		};
		4F6402F4298F4294000C55B6 /* Debug */ = {
			isa = XCBuildConfiguration;
			buildSettings = {
				ASSETCATALOG_COMPILER_APPICON_NAME = AppIcon;
				ASSETCATALOG_COMPILER_GLOBAL_ACCENT_COLOR_NAME = AccentColor;
				CODE_SIGN_STYLE = Automatic;
				CURRENT_PROJECT_VERSION = 1;
				DEVELOPMENT_TEAM = 3YGD9ATNQ7;
				GENERATE_INFOPLIST_FILE = YES;
				INFOPLIST_FILE = RickAndMorty/Info.plist;
				INFOPLIST_KEY_UIApplicationSupportsIndirectInputEvents = YES;
				INFOPLIST_KEY_UILaunchStoryboardName = LaunchScreen;
				INFOPLIST_KEY_UIMainStoryboardFile = "";
				INFOPLIST_KEY_UISupportedInterfaceOrientations = UIInterfaceOrientationPortrait;
				LD_RUNPATH_SEARCH_PATHS = (
					"$(inherited)",
					"@executable_path/Frameworks",
				);
				MARKETING_VERSION = 1.0;
				PRODUCT_BUNDLE_IDENTIFIER = dev.eliudiaz.RickAndMorty;
				PRODUCT_NAME = "$(TARGET_NAME)";
				SUPPORTED_PLATFORMS = "iphoneos iphonesimulator";
				SUPPORTS_MACCATALYST = NO;
				SUPPORTS_MAC_DESIGNED_FOR_IPHONE_IPAD = YES;
				SWIFT_EMIT_LOC_STRINGS = YES;
				SWIFT_VERSION = 5.0;
				TARGETED_DEVICE_FAMILY = 1;
			};
			name = Debug;
		};
		4F6402F5298F4294000C55B6 /* Release */ = {
			isa = XCBuildConfiguration;
			buildSettings = {
				ASSETCATALOG_COMPILER_APPICON_NAME = AppIcon;
				ASSETCATALOG_COMPILER_GLOBAL_ACCENT_COLOR_NAME = AccentColor;
				CODE_SIGN_STYLE = Automatic;
				CURRENT_PROJECT_VERSION = 1;
				DEVELOPMENT_TEAM = 3YGD9ATNQ7;
				GENERATE_INFOPLIST_FILE = YES;
				INFOPLIST_FILE = RickAndMorty/Info.plist;
				INFOPLIST_KEY_UIApplicationSupportsIndirectInputEvents = YES;
				INFOPLIST_KEY_UILaunchStoryboardName = LaunchScreen;
				INFOPLIST_KEY_UIMainStoryboardFile = "";
				INFOPLIST_KEY_UISupportedInterfaceOrientations = UIInterfaceOrientationPortrait;
				LD_RUNPATH_SEARCH_PATHS = (
					"$(inherited)",
					"@executable_path/Frameworks",
				);
				MARKETING_VERSION = 1.0;
				PRODUCT_BUNDLE_IDENTIFIER = dev.eliudiaz.RickAndMorty;
				PRODUCT_NAME = "$(TARGET_NAME)";
				SUPPORTED_PLATFORMS = "iphoneos iphonesimulator";
				SUPPORTS_MACCATALYST = NO;
				SUPPORTS_MAC_DESIGNED_FOR_IPHONE_IPAD = YES;
				SWIFT_EMIT_LOC_STRINGS = YES;
				SWIFT_VERSION = 5.0;
				TARGETED_DEVICE_FAMILY = 1;
			};
			name = Release;
		};
		4F6402F7298F4294000C55B6 /* Debug */ = {
			isa = XCBuildConfiguration;
			buildSettings = {
				ALWAYS_EMBED_SWIFT_STANDARD_LIBRARIES = YES;
				BUNDLE_LOADER = "$(TEST_HOST)";
				CODE_SIGN_STYLE = Automatic;
				CURRENT_PROJECT_VERSION = 1;
				DEVELOPMENT_TEAM = 3YGD9ATNQ7;
				GENERATE_INFOPLIST_FILE = YES;
				IPHONEOS_DEPLOYMENT_TARGET = 16.2;
				MARKETING_VERSION = 1.0;
				PRODUCT_BUNDLE_IDENTIFIER = dev.eliudiaz.RickAndMortyTests;
				PRODUCT_NAME = "$(TARGET_NAME)";
				SWIFT_EMIT_LOC_STRINGS = NO;
				SWIFT_VERSION = 5.0;
				TARGETED_DEVICE_FAMILY = "1,2";
				TEST_HOST = "$(BUILT_PRODUCTS_DIR)/RickAndMorty.app/$(BUNDLE_EXECUTABLE_FOLDER_PATH)/RickAndMorty";
			};
			name = Debug;
		};
		4F6402F8298F4294000C55B6 /* Release */ = {
			isa = XCBuildConfiguration;
			buildSettings = {
				ALWAYS_EMBED_SWIFT_STANDARD_LIBRARIES = YES;
				BUNDLE_LOADER = "$(TEST_HOST)";
				CODE_SIGN_STYLE = Automatic;
				CURRENT_PROJECT_VERSION = 1;
				DEVELOPMENT_TEAM = 3YGD9ATNQ7;
				GENERATE_INFOPLIST_FILE = YES;
				IPHONEOS_DEPLOYMENT_TARGET = 16.2;
				MARKETING_VERSION = 1.0;
				PRODUCT_BUNDLE_IDENTIFIER = dev.eliudiaz.RickAndMortyTests;
				PRODUCT_NAME = "$(TARGET_NAME)";
				SWIFT_EMIT_LOC_STRINGS = NO;
				SWIFT_VERSION = 5.0;
				TARGETED_DEVICE_FAMILY = "1,2";
				TEST_HOST = "$(BUILT_PRODUCTS_DIR)/RickAndMorty.app/$(BUNDLE_EXECUTABLE_FOLDER_PATH)/RickAndMorty";
			};
			name = Release;
		};
/* End XCBuildConfiguration section */

/* Begin XCConfigurationList section */
		4F6402C4298F4294000C55B6 /* Build configuration list for PBXProject "RickAndMorty" */ = {
			isa = XCConfigurationList;
			buildConfigurations = (
				4F6402F1298F4294000C55B6 /* Debug */,
				4F6402F2298F4294000C55B6 /* Release */,
			);
			defaultConfigurationIsVisible = 0;
			defaultConfigurationName = Release;
		};
		4F6402F3298F4294000C55B6 /* Build configuration list for PBXNativeTarget "RickAndMorty" */ = {
			isa = XCConfigurationList;
			buildConfigurations = (
				4F6402F4298F4294000C55B6 /* Debug */,
				4F6402F5298F4294000C55B6 /* Release */,
			);
			defaultConfigurationIsVisible = 0;
			defaultConfigurationName = Release;
		};
		4F6402F6298F4294000C55B6 /* Build configuration list for PBXNativeTarget "RickAndMortyTests" */ = {
			isa = XCConfigurationList;
			buildConfigurations = (
				4F6402F7298F4294000C55B6 /* Debug */,
				4F6402F8298F4294000C55B6 /* Release */,
			);
			defaultConfigurationIsVisible = 0;
			defaultConfigurationName = Release;
		};
/* End XCConfigurationList section */
	};
	rootObject = 4F6402C1298F4294000C55B6 /* Project object */;
}
